
Microsoft Visual Studio Solution File, Format Version 12.00
# Visual Studio Version 17
VisualStudioVersion = 17.10.34928.147
MinimumVisualStudioVersion = 10.0.40219.1
Project("{9A19103F-16F7-4668-BE54-9A1E7A4F7556}") = "Ekvip Calculator", "Ekvip Calculator\Ekvip Calculator.csproj", "{4AFBEC62-6995-456C-8A3C-B8079D62F5A8}"
EndProject
Global
	GlobalSection(SolutionConfigurationPlatforms) = preSolution
		Debug|Any CPU = Debug|Any CPU
		Release|Any CPU = Release|Any CPU
	EndGlobalSection
	GlobalSection(ProjectConfigurationPlatforms) = postSolution
		{4AFBEC62-6995-456C-8A3C-B8079D62F5A8}.Debug|Any CPU.ActiveCfg = Debug|Any CPU
		{4AFBEC62-6995-456C-8A3C-B8079D62F5A8}.Debug|Any CPU.Build.0 = Debug|Any CPU
		{4AFBEC62-6995-456C-8A3C-B8079D62F5A8}.Release|Any CPU.ActiveCfg = Release|Any CPU
		{4AFBEC62-6995-456C-8A3C-B8079D62F5A8}.Release|Any CPU.Build.0 = Release|Any CPU
	EndGlobalSection
	GlobalSection(SolutionProperties) = preSolution
		HideSolutionNode = FALSE
	EndGlobalSection
	GlobalSection(ExtensibilityGlobals) = postSolution
		SolutionGuid = {D5B824A9-93C3-43FD-8A91-5B9660EB36E3}
	EndGlobalSection
EndGlobal
